
Microsoft Visual Studio Solution File, Format Version 12.00
# Visual Studio Version 17
VisualStudioVersion = 17.2.32602.215
MinimumVisualStudioVersion = 10.0.40219.1
Project("{9A19103F-16F7-4668-BE54-9A1E7A4F7556}") = "miningcracks_take_on_luiafk", "miningcracks_take_on_luiafk.csproj", "{2D328D5D-CB17-449A-823E-E3F037C45960}"
EndProject
Global
	GlobalSection(SolutionConfigurationPlatforms) = preSolution
		Debug|Any CPU = Debug|Any CPU
		Release|Any CPU = Release|Any CPU
	EndGlobalSection
	GlobalSection(ProjectConfigurationPlatforms) = postSolution
		{2D328D5D-CB17-449A-823E-E3F037C45960}.Debug|Any CPU.ActiveCfg = Debug|Any CPU
		{2D328D5D-CB17-449A-823E-E3F037C45960}.Debug|Any CPU.Build.0 = Debug|Any CPU
		{2D328D5D-CB17-449A-823E-E3F037C45960}.Release|Any CPU.ActiveCfg = Release|Any CPU
		{2D328D5D-CB17-449A-823E-E3F037C45960}.Release|Any CPU.Build.0 = Release|Any CPU
	EndGlobalSection
	GlobalSection(SolutionProperties) = preSolution
		HideSolutionNode = FALSE
	EndGlobalSection
	GlobalSection(ExtensibilityGlobals) = postSolution
		SolutionGuid = {F93A4BDE-9F85-4210-A620-4A4D77F7F13F}
	EndGlobalSection
EndGlobal
